
Microsoft Visual Studio Solution File, Format Version 12.00
# Visual Studio Version 16
VisualStudioVersion = 16.0.32228.343
MinimumVisualStudioVersion = 10.0.40219.1
Project("{FAE04EC0-301F-11D3-BF4B-00C04F79EFBC}") = "TANeoway", "TANeoway\TANeoway.csproj", "{7EB9C0F1-1EC3-4D77-A628-CB32AD541973}"
EndProject
Global
	GlobalSection(SolutionConfigurationPlatforms) = preSolution
		Debug|Any CPU = Debug|Any CPU
		Release|Any CPU = Release|Any CPU
	EndGlobalSection
	GlobalSection(ProjectConfigurationPlatforms) = postSolution
		{7EB9C0F1-1EC3-4D77-A628-CB32AD541973}.Debug|Any CPU.ActiveCfg = Debug|Any CPU
		{7EB9C0F1-1EC3-4D77-A628-CB32AD541973}.Debug|Any CPU.Build.0 = Debug|Any CPU
		{7EB9C0F1-1EC3-4D77-A628-CB32AD541973}.Release|Any CPU.ActiveCfg = Release|Any CPU
		{7EB9C0F1-1EC3-4D77-A628-CB32AD541973}.Release|Any CPU.Build.0 = Release|Any CPU
	EndGlobalSection
	GlobalSection(SolutionProperties) = preSolution
		HideSolutionNode = FALSE
	EndGlobalSection
	GlobalSection(ExtensibilityGlobals) = postSolution
		SolutionGuid = {B3081C07-FD87-462B-BD57-1BF3D0E37567}
	EndGlobalSection
EndGlobal
